// !$*UTF8*$!
{
	archiveVersion = 1;
	classes = {
	};
	objectVersion = 46;
	objects = {

/* Begin PBXBuildFile section */
		B92C59DE18FEC8FE005EC882 /* Foundation.framework in Frameworks */ = {isa = PBXBuildFile; fileRef = B92C59DD18FEC8FE005EC882 /* Foundation.framework */; };
		B92C59E018FEC8FE005EC882 /* CoreGraphics.framework in Frameworks */ = {isa = PBXBuildFile; fileRef = B92C59DF18FEC8FE005EC882 /* CoreGraphics.framework */; };
		B92C59E218FEC8FE005EC882 /* UIKit.framework in Frameworks */ = {isa = PBXBuildFile; fileRef = B92C59E118FEC8FE005EC882 /* UIKit.framework */; };
		B92C59E818FEC8FE005EC882 /* InfoPlist.strings in Resources */ = {isa = PBXBuildFile; fileRef = B92C59E618FEC8FE005EC882 /* InfoPlist.strings */; };
		B92C59EA18FEC8FE005EC882 /* main.m in Sources */ = {isa = PBXBuildFile; fileRef = B92C59E918FEC8FE005EC882 /* main.m */; };
		B92C59EE18FEC8FE005EC882 /* BrainDashAppDelegate.m in Sources */ = {isa = PBXBuildFile; fileRef = B92C59ED18FEC8FE005EC882 /* BrainDashAppDelegate.m */; };
		B92C59F118FEC8FE005EC882 /* Main.storyboard in Resources */ = {isa = PBXBuildFile; fileRef = B92C59EF18FEC8FE005EC882 /* Main.storyboard */; };
		B92C59F418FEC8FE005EC882 /* BrainDashMainViewController.m in Sources */ = {isa = PBXBuildFile; fileRef = B92C59F318FEC8FE005EC882 /* BrainDashMainViewController.m */; };
		B92C59F718FEC8FE005EC882 /* BrainDashFlipsideViewController.m in Sources */ = {isa = PBXBuildFile; fileRef = B92C59F618FEC8FE005EC882 /* BrainDashFlipsideViewController.m */; };
		B92C59F918FEC8FE005EC882 /* Images.xcassets in Resources */ = {isa = PBXBuildFile; fileRef = B92C59F818FEC8FE005EC882 /* Images.xcassets */; };
		B92C5A0018FEC8FF005EC882 /* XCTest.framework in Frameworks */ = {isa = PBXBuildFile; fileRef = B92C59FF18FEC8FF005EC882 /* XCTest.framework */; };
		B92C5A0118FEC8FF005EC882 /* Foundation.framework in Frameworks */ = {isa = PBXBuildFile; fileRef = B92C59DD18FEC8FE005EC882 /* Foundation.framework */; };
		B92C5A0218FEC8FF005EC882 /* UIKit.framework in Frameworks */ = {isa = PBXBuildFile; fileRef = B92C59E118FEC8FE005EC882 /* UIKit.framework */; };
		B92C5A0A18FEC8FF005EC882 /* InfoPlist.strings in Resources */ = {isa = PBXBuildFile; fileRef = B92C5A0818FEC8FF005EC882 /* InfoPlist.strings */; };
		B92C5A0C18FEC8FF005EC882 /* BrainDashTests.m in Sources */ = {isa = PBXBuildFile; fileRef = B92C5A0B18FEC8FF005EC882 /* BrainDashTests.m */; };
		B92C5A2418FECE96005EC882 /* CoreBluetooth.framework in Frameworks */ = {isa = PBXBuildFile; fileRef = B92C5A2318FECE96005EC882 /* CoreBluetooth.framework */; };
		B92C5A6118FEFD1D005EC882 /* UARTPeripheral.m in Sources */ = {isa = PBXBuildFile; fileRef = B92C5A5918FEFD1D005EC882 /* UARTPeripheral.m */; };
		B92C5A6218FEFD1D005EC882 /* CBUUID+StringExtraction.m in Sources */ = {isa = PBXBuildFile; fileRef = B92C5A5C18FEFD1D005EC882 /* CBUUID+StringExtraction.m */; };
		B92C5A6318FEFD1D005EC882 /* NSData+hex.m in Sources */ = {isa = PBXBuildFile; fileRef = B92C5A5E18FEFD1D005EC882 /* NSData+hex.m */; };
		B92C5A6418FEFD1D005EC882 /* NSString+hex.m in Sources */ = {isa = PBXBuildFile; fileRef = B92C5A6018FEFD1D005EC882 /* NSString+hex.m */; };
		B9AD38DB1900FDDE00FA9CD0 /* NTProtocol.cpp in Sources */ = {isa = PBXBuildFile; fileRef = B9AD38DA1900FDDE00FA9CD0 /* NTProtocol.cpp */; };
/* End PBXBuildFile section */

/* Begin PBXContainerItemProxy section */
		B92C5A0318FEC8FF005EC882 /* PBXContainerItemProxy */ = {
			isa = PBXContainerItemProxy;
			containerPortal = B92C59D218FEC8FE005EC882 /* Project object */;
			proxyType = 1;
			remoteGlobalIDString = B92C59D918FEC8FE005EC882;
			remoteInfo = BrainDash;
		};
/* End PBXContainerItemProxy section */

/* Begin PBXFileReference section */
		B92C59DA18FEC8FE005EC882 /* BrainDash.app */ = {isa = PBXFileReference; explicitFileType = wrapper.application; includeInIndex = 0; path = BrainDash.app; sourceTree = BUILT_PRODUCTS_DIR; };
		B92C59DD18FEC8FE005EC882 /* Foundation.framework */ = {isa = PBXFileReference; lastKnownFileType = wrapper.framework; name = Foundation.framework; path = System/Library/Frameworks/Foundation.framework; sourceTree = SDKROOT; };
		B92C59DF18FEC8FE005EC882 /* CoreGraphics.framework */ = {isa = PBXFileReference; lastKnownFileType = wrapper.framework; name = CoreGraphics.framework; path = System/Library/Frameworks/CoreGraphics.framework; sourceTree = SDKROOT; };
		B92C59E118FEC8FE005EC882 /* UIKit.framework */ = {isa = PBXFileReference; lastKnownFileType = wrapper.framework; name = UIKit.framework; path = System/Library/Frameworks/UIKit.framework; sourceTree = SDKROOT; };
		B92C59E518FEC8FE005EC882 /* BrainDash-Info.plist */ = {isa = PBXFileReference; lastKnownFileType = text.plist.xml; path = "BrainDash-Info.plist"; sourceTree = "<group>"; };
		B92C59E718FEC8FE005EC882 /* en */ = {isa = PBXFileReference; lastKnownFileType = text.plist.strings; name = en; path = en.lproj/InfoPlist.strings; sourceTree = "<group>"; };
		B92C59E918FEC8FE005EC882 /* main.m */ = {isa = PBXFileReference; lastKnownFileType = sourcecode.c.objc; path = main.m; sourceTree = "<group>"; };
		B92C59EB18FEC8FE005EC882 /* BrainDash-Prefix.pch */ = {isa = PBXFileReference; lastKnownFileType = sourcecode.c.h; path = "BrainDash-Prefix.pch"; sourceTree = "<group>"; };
		B92C59EC18FEC8FE005EC882 /* BrainDashAppDelegate.h */ = {isa = PBXFileReference; lastKnownFileType = sourcecode.c.h; path = BrainDashAppDelegate.h; sourceTree = "<group>"; };
		B92C59ED18FEC8FE005EC882 /* BrainDashAppDelegate.m */ = {isa = PBXFileReference; lastKnownFileType = sourcecode.c.objc; path = BrainDashAppDelegate.m; sourceTree = "<group>"; };
		B92C59F018FEC8FE005EC882 /* Base */ = {isa = PBXFileReference; lastKnownFileType = file.storyboard; name = Base; path = Base.lproj/Main.storyboard; sourceTree = "<group>"; };
		B92C59F218FEC8FE005EC882 /* BrainDashMainViewController.h */ = {isa = PBXFileReference; lastKnownFileType = sourcecode.c.h; path = BrainDashMainViewController.h; sourceTree = "<group>"; };
		B92C59F318FEC8FE005EC882 /* BrainDashMainViewController.m */ = {isa = PBXFileReference; lastKnownFileType = sourcecode.c.objc; path = BrainDashMainViewController.m; sourceTree = "<group>"; };
		B92C59F518FEC8FE005EC882 /* BrainDashFlipsideViewController.h */ = {isa = PBXFileReference; lastKnownFileType = sourcecode.c.h; path = BrainDashFlipsideViewController.h; sourceTree = "<group>"; };
		B92C59F618FEC8FE005EC882 /* BrainDashFlipsideViewController.m */ = {isa = PBXFileReference; lastKnownFileType = sourcecode.c.objc; path = BrainDashFlipsideViewController.m; sourceTree = "<group>"; };
		B92C59F818FEC8FE005EC882 /* Images.xcassets */ = {isa = PBXFileReference; lastKnownFileType = folder.assetcatalog; path = Images.xcassets; sourceTree = "<group>"; };
		B92C59FE18FEC8FF005EC882 /* BrainDashTests.xctest */ = {isa = PBXFileReference; explicitFileType = wrapper.cfbundle; includeInIndex = 0; path = BrainDashTests.xctest; sourceTree = BUILT_PRODUCTS_DIR; };
		B92C59FF18FEC8FF005EC882 /* XCTest.framework */ = {isa = PBXFileReference; lastKnownFileType = wrapper.framework; name = XCTest.framework; path = Library/Frameworks/XCTest.framework; sourceTree = DEVELOPER_DIR; };
		B92C5A0718FEC8FF005EC882 /* BrainDashTests-Info.plist */ = {isa = PBXFileReference; lastKnownFileType = text.plist.xml; path = "BrainDashTests-Info.plist"; sourceTree = "<group>"; };
		B92C5A0918FEC8FF005EC882 /* en */ = {isa = PBXFileReference; lastKnownFileType = text.plist.strings; name = en; path = en.lproj/InfoPlist.strings; sourceTree = "<group>"; };
		B92C5A0B18FEC8FF005EC882 /* BrainDashTests.m */ = {isa = PBXFileReference; lastKnownFileType = sourcecode.c.objc; path = BrainDashTests.m; sourceTree = "<group>"; };
		B92C5A2318FECE96005EC882 /* CoreBluetooth.framework */ = {isa = PBXFileReference; lastKnownFileType = wrapper.framework; name = CoreBluetooth.framework; path = System/Library/Frameworks/CoreBluetooth.framework; sourceTree = SDKROOT; };
		B92C5A5818FEFD1D005EC882 /* UARTPeripheral.h */ = {isa = PBXFileReference; fileEncoding = 4; lastKnownFileType = sourcecode.c.h; path = UARTPeripheral.h; sourceTree = "<group>"; };
		B92C5A5918FEFD1D005EC882 /* UARTPeripheral.m */ = {isa = PBXFileReference; fileEncoding = 4; lastKnownFileType = sourcecode.c.objc; path = UARTPeripheral.m; sourceTree = "<group>"; };
		B92C5A5B18FEFD1D005EC882 /* CBUUID+StringExtraction.h */ = {isa = PBXFileReference; fileEncoding = 4; lastKnownFileType = sourcecode.c.h; path = "CBUUID+StringExtraction.h"; sourceTree = "<group>"; };
		B92C5A5C18FEFD1D005EC882 /* CBUUID+StringExtraction.m */ = {isa = PBXFileReference; fileEncoding = 4; lastKnownFileType = sourcecode.c.objc; path = "CBUUID+StringExtraction.m"; sourceTree = "<group>"; };
		B92C5A5D18FEFD1D005EC882 /* NSData+hex.h */ = {isa = PBXFileReference; fileEncoding = 4; lastKnownFileType = sourcecode.c.h; path = "NSData+hex.h"; sourceTree = "<group>"; };
		B92C5A5E18FEFD1D005EC882 /* NSData+hex.m */ = {isa = PBXFileReference; fileEncoding = 4; lastKnownFileType = sourcecode.c.objc; path = "NSData+hex.m"; sourceTree = "<group>"; };
		B92C5A5F18FEFD1D005EC882 /* NSString+hex.h */ = {isa = PBXFileReference; fileEncoding = 4; lastKnownFileType = sourcecode.c.h; path = "NSString+hex.h"; sourceTree = "<group>"; };
		B92C5A6018FEFD1D005EC882 /* NSString+hex.m */ = {isa = PBXFileReference; fileEncoding = 4; lastKnownFileType = sourcecode.c.objc; path = "NSString+hex.m"; sourceTree = "<group>"; };
		B9AD38D9190030D900FA9CD0 /* NTProtocol.h */ = {isa = PBXFileReference; fileEncoding = 4; lastKnownFileType = sourcecode.c.h; name = NTProtocol.h; path = ../../../avr/CannyFirmata/NTProtocol.h; sourceTree = "<group>"; };
		B9AD38DA1900FDDE00FA9CD0 /* NTProtocol.cpp */ = {isa = PBXFileReference; fileEncoding = 4; lastKnownFileType = sourcecode.cpp.cpp; name = NTProtocol.cpp; path = ../../../avr/CannyFirmata/NTProtocol.cpp; sourceTree = "<group>"; };
/* End PBXFileReference section */

/* Begin PBXFrameworksBuildPhase section */
		B92C59D718FEC8FE005EC882 /* Frameworks */ = {
			isa = PBXFrameworksBuildPhase;
			buildActionMask = 2147483647;
			files = (
				B92C5A2418FECE96005EC882 /* CoreBluetooth.framework in Frameworks */,
				B92C59E018FEC8FE005EC882 /* CoreGraphics.framework in Frameworks */,
				B92C59E218FEC8FE005EC882 /* UIKit.framework in Frameworks */,
				B92C59DE18FEC8FE005EC882 /* Foundation.framework in Frameworks */,
			);
			runOnlyForDeploymentPostprocessing = 0;
		};
		B92C59FB18FEC8FF005EC882 /* Frameworks */ = {
			isa = PBXFrameworksBuildPhase;
			buildActionMask = 2147483647;
			files = (
				B92C5A0018FEC8FF005EC882 /* XCTest.framework in Frameworks */,
				B92C5A0218FEC8FF005EC882 /* UIKit.framework in Frameworks */,
				B92C5A0118FEC8FF005EC882 /* Foundation.framework in Frameworks */,
			);
			runOnlyForDeploymentPostprocessing = 0;
		};
/* End PBXFrameworksBuildPhase section */

/* Begin PBXGroup section */
		B92C59D118FEC8FE005EC882 = {
			isa = PBXGroup;
			children = (
				B9AD38DA1900FDDE00FA9CD0 /* NTProtocol.cpp */,
				B9AD38D9190030D900FA9CD0 /* NTProtocol.h */,
				B92C5A5718FEFD1D005EC882 /* BLE_BlueFruit_UART */,
				B92C5A5A18FEFD1D005EC882 /* Categories */,
				B92C59E318FEC8FE005EC882 /* BrainDash */,
				B92C5A0518FEC8FF005EC882 /* BrainDashTests */,
				B92C59DC18FEC8FE005EC882 /* Frameworks */,
				B92C59DB18FEC8FE005EC882 /* Products */,
			);
			sourceTree = "<group>";
		};
		B92C59DB18FEC8FE005EC882 /* Products */ = {
			isa = PBXGroup;
			children = (
				B92C59DA18FEC8FE005EC882 /* BrainDash.app */,
				B92C59FE18FEC8FF005EC882 /* BrainDashTests.xctest */,
			);
			name = Products;
			sourceTree = "<group>";
		};
		B92C59DC18FEC8FE005EC882 /* Frameworks */ = {
			isa = PBXGroup;
			children = (
				B92C5A2318FECE96005EC882 /* CoreBluetooth.framework */,
				B92C59DD18FEC8FE005EC882 /* Foundation.framework */,
				B92C59DF18FEC8FE005EC882 /* CoreGraphics.framework */,
				B92C59E118FEC8FE005EC882 /* UIKit.framework */,
				B92C59FF18FEC8FF005EC882 /* XCTest.framework */,
			);
			name = Frameworks;
			sourceTree = "<group>";
		};
		B92C59E318FEC8FE005EC882 /* BrainDash */ = {
			isa = PBXGroup;
			children = (
				B92C59EC18FEC8FE005EC882 /* BrainDashAppDelegate.h */,
				B92C59ED18FEC8FE005EC882 /* BrainDashAppDelegate.m */,
				B92C59EF18FEC8FE005EC882 /* Main.storyboard */,
				B92C59F218FEC8FE005EC882 /* BrainDashMainViewController.h */,
				B92C59F318FEC8FE005EC882 /* BrainDashMainViewController.m */,
				B92C59F518FEC8FE005EC882 /* BrainDashFlipsideViewController.h */,
				B92C59F618FEC8FE005EC882 /* BrainDashFlipsideViewController.m */,
				B92C59F818FEC8FE005EC882 /* Images.xcassets */,
				B92C59E418FEC8FE005EC882 /* Supporting Files */,
			);
			path = BrainDash;
			sourceTree = "<group>";
		};
		B92C59E418FEC8FE005EC882 /* Supporting Files */ = {
			isa = PBXGroup;
			children = (
				B92C59E518FEC8FE005EC882 /* BrainDash-Info.plist */,
				B92C59E618FEC8FE005EC882 /* InfoPlist.strings */,
				B92C59E918FEC8FE005EC882 /* main.m */,
				B92C59EB18FEC8FE005EC882 /* BrainDash-Prefix.pch */,
			);
			name = "Supporting Files";
			sourceTree = "<group>";
		};
		B92C5A0518FEC8FF005EC882 /* BrainDashTests */ = {
			isa = PBXGroup;
			children = (
				B92C5A0B18FEC8FF005EC882 /* BrainDashTests.m */,
				B92C5A0618FEC8FF005EC882 /* Supporting Files */,
			);
			path = BrainDashTests;
			sourceTree = "<group>";
		};
		B92C5A0618FEC8FF005EC882 /* Supporting Files */ = {
			isa = PBXGroup;
			children = (
				B92C5A0718FEC8FF005EC882 /* BrainDashTests-Info.plist */,
				B92C5A0818FEC8FF005EC882 /* InfoPlist.strings */,
			);
			name = "Supporting Files";
			sourceTree = "<group>";
		};
		B92C5A5718FEFD1D005EC882 /* BLE_BlueFruit_UART */ = {
			isa = PBXGroup;
			children = (
				B92C5A5818FEFD1D005EC882 /* UARTPeripheral.h */,
				B92C5A5918FEFD1D005EC882 /* UARTPeripheral.m */,
			);
			name = BLE_BlueFruit_UART;
			path = Libraries/BLE_BlueFruit_UART;
			sourceTree = "<group>";
		};
		B92C5A5A18FEFD1D005EC882 /* Categories */ = {
			isa = PBXGroup;
			children = (
				B92C5A5B18FEFD1D005EC882 /* CBUUID+StringExtraction.h */,
				B92C5A5C18FEFD1D005EC882 /* CBUUID+StringExtraction.m */,
				B92C5A5D18FEFD1D005EC882 /* NSData+hex.h */,
				B92C5A5E18FEFD1D005EC882 /* NSData+hex.m */,
				B92C5A5F18FEFD1D005EC882 /* NSString+hex.h */,
				B92C5A6018FEFD1D005EC882 /* NSString+hex.m */,
			);
			name = Categories;
			path = Libraries/Categories;
			sourceTree = "<group>";
		};
/* End PBXGroup section */

/* Begin PBXNativeTarget section */
		B92C59D918FEC8FE005EC882 /* BrainDash */ = {
			isa = PBXNativeTarget;
			buildConfigurationList = B92C5A0F18FEC8FF005EC882 /* Build configuration list for PBXNativeTarget "BrainDash" */;
			buildPhases = (
				B92C59D618FEC8FE005EC882 /* Sources */,
				B92C59D718FEC8FE005EC882 /* Frameworks */,
				B92C59D818FEC8FE005EC882 /* Resources */,
			);
			buildRules = (
			);
			dependencies = (
			);
			name = BrainDash;
			productName = BrainDash;
			productReference = B92C59DA18FEC8FE005EC882 /* BrainDash.app */;
			productType = "com.apple.product-type.application";
		};
		B92C59FD18FEC8FF005EC882 /* BrainDashTests */ = {
			isa = PBXNativeTarget;
			buildConfigurationList = B92C5A1218FEC8FF005EC882 /* Build configuration list for PBXNativeTarget "BrainDashTests" */;
			buildPhases = (
				B92C59FA18FEC8FF005EC882 /* Sources */,
				B92C59FB18FEC8FF005EC882 /* Frameworks */,
				B92C59FC18FEC8FF005EC882 /* Resources */,
			);
			buildRules = (
			);
			dependencies = (
				B92C5A0418FEC8FF005EC882 /* PBXTargetDependency */,
			);
			name = BrainDashTests;
			productName = BrainDashTests;
			productReference = B92C59FE18FEC8FF005EC882 /* BrainDashTests.xctest */;
			productType = "com.apple.product-type.bundle.unit-test";
		};
/* End PBXNativeTarget section */

/* Begin PBXProject section */
		B92C59D218FEC8FE005EC882 /* Project object */ = {
			isa = PBXProject;
			attributes = {
				CLASSPREFIX = BrainDash;
				LastUpgradeCheck = 0510;
				ORGANIZATIONNAME = CannyBots;
				TargetAttributes = {
					B92C59FD18FEC8FF005EC882 = {
						TestTargetID = B92C59D918FEC8FE005EC882;
					};
				};
			};
			buildConfigurationList = B92C59D518FEC8FE005EC882 /* Build configuration list for PBXProject "BrainDash" */;
			compatibilityVersion = "Xcode 3.2";
			developmentRegion = English;
			hasScannedForEncodings = 0;
			knownRegions = (
				en,
				Base,
			);
			mainGroup = B92C59D118FEC8FE005EC882;
			productRefGroup = B92C59DB18FEC8FE005EC882 /* Products */;
			projectDirPath = "";
			projectRoot = "";
			targets = (
				B92C59D918FEC8FE005EC882 /* BrainDash */,
				B92C59FD18FEC8FF005EC882 /* BrainDashTests */,
			);
		};
/* End PBXProject section */

/* Begin PBXResourcesBuildPhase section */
		B92C59D818FEC8FE005EC882 /* Resources */ = {
			isa = PBXResourcesBuildPhase;
			buildActionMask = 2147483647;
			files = (
				B92C59F918FEC8FE005EC882 /* Images.xcassets in Resources */,
				B92C59E818FEC8FE005EC882 /* InfoPlist.strings in Resources */,
				B92C59F118FEC8FE005EC882 /* Main.storyboard in Resources */,
			);
			runOnlyForDeploymentPostprocessing = 0;
		};
		B92C59FC18FEC8FF005EC882 /* Resources */ = {
			isa = PBXResourcesBuildPhase;
			buildActionMask = 2147483647;
			files = (
				B92C5A0A18FEC8FF005EC882 /* InfoPlist.strings in Resources */,
			);
			runOnlyForDeploymentPostprocessing = 0;
		};
/* End PBXResourcesBuildPhase section */

/* Begin PBXSourcesBuildPhase section */
		B92C59D618FEC8FE005EC882 /* Sources */ = {
			isa = PBXSourcesBuildPhase;
			buildActionMask = 2147483647;
			files = (
				B92C59EA18FEC8FE005EC882 /* main.m in Sources */,
				B92C5A6418FEFD1D005EC882 /* NSString+hex.m in Sources */,
				B9AD38DB1900FDDE00FA9CD0 /* NTProtocol.cpp in Sources */,
				B92C5A6118FEFD1D005EC882 /* UARTPeripheral.m in Sources */,
				B92C59F718FEC8FE005EC882 /* BrainDashFlipsideViewController.m in Sources */,
				B92C5A6218FEFD1D005EC882 /* CBUUID+StringExtraction.m in Sources */,
				B92C59EE18FEC8FE005EC882 /* BrainDashAppDelegate.m in Sources */,
				B92C59F418FEC8FE005EC882 /* BrainDashMainViewController.m in Sources */,
				B92C5A6318FEFD1D005EC882 /* NSData+hex.m in Sources */,
			);
			runOnlyForDeploymentPostprocessing = 0;
		};
		B92C59FA18FEC8FF005EC882 /* Sources */ = {
			isa = PBXSourcesBuildPhase;
			buildActionMask = 2147483647;
			files = (
				B92C5A0C18FEC8FF005EC882 /* BrainDashTests.m in Sources */,
			);
			runOnlyForDeploymentPostprocessing = 0;
		};
/* End PBXSourcesBuildPhase section */

/* Begin PBXTargetDependency section */
		B92C5A0418FEC8FF005EC882 /* PBXTargetDependency */ = {
			isa = PBXTargetDependency;
			target = B92C59D918FEC8FE005EC882 /* BrainDash */;
			targetProxy = B92C5A0318FEC8FF005EC882 /* PBXContainerItemProxy */;
		};
/* End PBXTargetDependency section */

/* Begin PBXVariantGroup section */
		B92C59E618FEC8FE005EC882 /* InfoPlist.strings */ = {
			isa = PBXVariantGroup;
			children = (
				B92C59E718FEC8FE005EC882 /* en */,
			);
			name = InfoPlist.strings;
			sourceTree = "<group>";
		};
		B92C59EF18FEC8FE005EC882 /* Main.storyboard */ = {
			isa = PBXVariantGroup;
			children = (
				B92C59F018FEC8FE005EC882 /* Base */,
			);
			name = Main.storyboard;
			sourceTree = "<group>";
		};
		B92C5A0818FEC8FF005EC882 /* InfoPlist.strings */ = {
			isa = PBXVariantGroup;
			children = (
				B92C5A0918FEC8FF005EC882 /* en */,
			);
			name = InfoPlist.strings;
			sourceTree = "<group>";
		};
/* End PBXVariantGroup section */

/* Begin XCBuildConfiguration section */
		B92C5A0D18FEC8FF005EC882 /* Debug */ = {
			isa = XCBuildConfiguration;
			buildSettings = {
				ALWAYS_SEARCH_USER_PATHS = NO;
				CLANG_CXX_LANGUAGE_STANDARD = "gnu++0x";
				CLANG_CXX_LIBRARY = "libc++";
				CLANG_ENABLE_MODULES = YES;
				CLANG_ENABLE_OBJC_ARC = YES;
				CLANG_WARN_BOOL_CONVERSION = YES;
				CLANG_WARN_CONSTANT_CONVERSION = YES;
				CLANG_WARN_DIRECT_OBJC_ISA_USAGE = YES_ERROR;
				CLANG_WARN_EMPTY_BODY = YES;
				CLANG_WARN_ENUM_CONVERSION = YES;
				CLANG_WARN_INT_CONVERSION = YES;
				CLANG_WARN_OBJC_ROOT_CLASS = YES_ERROR;
				CLANG_WARN__DUPLICATE_METHOD_MATCH = YES;
				"CODE_SIGN_IDENTITY[sdk=iphoneos*]" = "iPhone Developer";
				COPY_PHASE_STRIP = NO;
				GCC_C_LANGUAGE_STANDARD = gnu99;
				GCC_DYNAMIC_NO_PIC = NO;
				GCC_OPTIMIZATION_LEVEL = 0;
				GCC_PREPROCESSOR_DEFINITIONS = (
					"DEBUG=1",
					"$(inherited)",
				);
				GCC_SYMBOLS_PRIVATE_EXTERN = NO;
				GCC_WARN_64_TO_32_BIT_CONVERSION = YES;
				GCC_WARN_ABOUT_RETURN_TYPE = YES_ERROR;
				GCC_WARN_UNDECLARED_SELECTOR = YES;
				GCC_WARN_UNINITIALIZED_AUTOS = YES_AGGRESSIVE;
				GCC_WARN_UNUSED_FUNCTION = YES;
				GCC_WARN_UNUSED_VARIABLE = YES;
				IPHONEOS_DEPLOYMENT_TARGET = 7.1;
				ONLY_ACTIVE_ARCH = YES;
				SDKROOT = iphoneos;
			};
			name = Debug;
		};
		B92C5A0E18FEC8FF005EC882 /* Release */ = {
			isa = XCBuildConfiguration;
			buildSettings = {
				ALWAYS_SEARCH_USER_PATHS = NO;
				CLANG_CXX_LANGUAGE_STANDARD = "gnu++0x";
				CLANG_CXX_LIBRARY = "libc++";
				CLANG_ENABLE_MODULES = YES;
				CLANG_ENABLE_OBJC_ARC = YES;
				CLANG_WARN_BOOL_CONVERSION = YES;
				CLANG_WARN_CONSTANT_CONVERSION = YES;
				CLANG_WARN_DIRECT_OBJC_ISA_USAGE = YES_ERROR;
				CLANG_WARN_EMPTY_BODY = YES;
				CLANG_WARN_ENUM_CONVERSION = YES;
				CLANG_WARN_INT_CONVERSION = YES;
				CLANG_WARN_OBJC_ROOT_CLASS = YES_ERROR;
				CLANG_WARN__DUPLICATE_METHOD_MATCH = YES;
				"CODE_SIGN_IDENTITY[sdk=iphoneos*]" = "iPhone Developer";
				COPY_PHASE_STRIP = YES;
				ENABLE_NS_ASSERTIONS = NO;
				GCC_C_LANGUAGE_STANDARD = gnu99;
				GCC_WARN_64_TO_32_BIT_CONVERSION = YES;
				GCC_WARN_ABOUT_RETURN_TYPE = YES_ERROR;
				GCC_WARN_UNDECLARED_SELECTOR = YES;
				GCC_WARN_UNINITIALIZED_AUTOS = YES_AGGRESSIVE;
				GCC_WARN_UNUSED_FUNCTION = YES;
				GCC_WARN_UNUSED_VARIABLE = YES;
				IPHONEOS_DEPLOYMENT_TARGET = 7.1;
				SDKROOT = iphoneos;
				VALIDATE_PRODUCT = YES;
			};
			name = Release;
		};
		B92C5A1018FEC8FF005EC882 /* Debug */ = {
			isa = XCBuildConfiguration;
			buildSettings = {
				ASSETCATALOG_COMPILER_APPICON_NAME = AppIcon;
				ASSETCATALOG_COMPILER_LAUNCHIMAGE_NAME = LaunchImage;
				GCC_PRECOMPILE_PREFIX_HEADER = YES;
				GCC_PREFIX_HEADER = "BrainDash/BrainDash-Prefix.pch";
				INFOPLIST_FILE = "BrainDash/BrainDash-Info.plist";
				PRODUCT_NAME = "$(TARGET_NAME)";
				WRAPPER_EXTENSION = app;
			};
			name = Debug;
		};
		B92C5A1118FEC8FF005EC882 /* Release */ = {
			isa = XCBuildConfiguration;
			buildSettings = {
				ASSETCATALOG_COMPILER_APPICON_NAME = AppIcon;
				ASSETCATALOG_COMPILER_LAUNCHIMAGE_NAME = LaunchImage;
				GCC_PRECOMPILE_PREFIX_HEADER = YES;
				GCC_PREFIX_HEADER = "BrainDash/BrainDash-Prefix.pch";
				INFOPLIST_FILE = "BrainDash/BrainDash-Info.plist";
				PRODUCT_NAME = "$(TARGET_NAME)";
				WRAPPER_EXTENSION = app;
			};
			name = Release;
		};
		B92C5A1318FEC8FF005EC882 /* Debug */ = {
			isa = XCBuildConfiguration;
			buildSettings = {
				BUNDLE_LOADER = "$(BUILT_PRODUCTS_DIR)/BrainDash.app/BrainDash";
				FRAMEWORK_SEARCH_PATHS = (
					"$(SDKROOT)/Developer/Library/Frameworks",
					"$(inherited)",
					"$(DEVELOPER_FRAMEWORKS_DIR)",
				);
				GCC_PRECOMPILE_PREFIX_HEADER = YES;
				GCC_PREFIX_HEADER = "BrainDash/BrainDash-Prefix.pch";
				GCC_PREPROCESSOR_DEFINITIONS = (
					"DEBUG=1",
					"$(inherited)",
				);
				INFOPLIST_FILE = "BrainDashTests/BrainDashTests-Info.plist";
				PRODUCT_NAME = "$(TARGET_NAME)";
				TEST_HOST = "$(BUNDLE_LOADER)";
				WRAPPER_EXTENSION = xctest;
			};
			name = Debug;
		};
		B92C5A1418FEC8FF005EC882 /* Release */ = {
			isa = XCBuildConfiguration;
			buildSettings = {
				BUNDLE_LOADER = "$(BUILT_PRODUCTS_DIR)/BrainDash.app/BrainDash";
				FRAMEWORK_SEARCH_PATHS = (
					"$(SDKROOT)/Developer/Library/Frameworks",
					"$(inherited)",
					"$(DEVELOPER_FRAMEWORKS_DIR)",
				);
				GCC_PRECOMPILE_PREFIX_HEADER = YES;
				GCC_PREFIX_HEADER = "BrainDash/BrainDash-Prefix.pch";
				INFOPLIST_FILE = "BrainDashTests/BrainDashTests-Info.plist";
				PRODUCT_NAME = "$(TARGET_NAME)";
				TEST_HOST = "$(BUNDLE_LOADER)";
				WRAPPER_EXTENSION = xctest;
			};
			name = Release;
		};
/* End XCBuildConfiguration section */

/* Begin XCConfigurationList section */
		B92C59D518FEC8FE005EC882 /* Build configuration list for PBXProject "BrainDash" */ = {
			isa = XCConfigurationList;
			buildConfigurations = (
				B92C5A0D18FEC8FF005EC882 /* Debug */,
				B92C5A0E18FEC8FF005EC882 /* Release */,
			);
			defaultConfigurationIsVisible = 0;
			defaultConfigurationName = Release;
		};
		B92C5A0F18FEC8FF005EC882 /* Build configuration list for PBXNativeTarget "BrainDash" */ = {
			isa = XCConfigurationList;
			buildConfigurations = (
				B92C5A1018FEC8FF005EC882 /* Debug */,
				B92C5A1118FEC8FF005EC882 /* Release */,
			);
			defaultConfigurationIsVisible = 0;
			defaultConfigurationName = Release;
		};
		B92C5A1218FEC8FF005EC882 /* Build configuration list for PBXNativeTarget "BrainDashTests" */ = {
			isa = XCConfigurationList;
			buildConfigurations = (
				B92C5A1318FEC8FF005EC882 /* Debug */,
				B92C5A1418FEC8FF005EC882 /* Release */,
			);
			defaultConfigurationIsVisible = 0;
			defaultConfigurationName = Release;
		};
/* End XCConfigurationList section */
	};
	rootObject = B92C59D218FEC8FE005EC882 /* Project object */;
}
